<?xml version="1.0" encoding="utf-8"?>
<Project ToolsVersion="4.0" xmlns="http://schemas.microsoft.com/developer/msbuild/2003">
  <ItemGroup>
    <Filter Include="src">
      <UniqueIdentifier>{1157d38d-608b-4248-a49c-1a44c69e0067}</UniqueIdentifier>
    </Filter>
    <Filter Include="shaders">
      <UniqueIdentifier>{8624dd56-3489-4f82-a7c1-cc08f21fb626}</UniqueIdentifier>
    </Filter>
    <Filter Include="globals">
      <UniqueIdentifier>{d54c04bf-3217-4f8a-8c92-93eb61995ac4}</UniqueIdentifier>
    </Filter>
    <Filter Include="utility">
      <UniqueIdentifier>{c4c56dc4-5996-474a-bd59-c74c0d7246f5}</UniqueIdentifier>
    </Filter>
  </ItemGroup>
  <ItemGroup>
    <ClCompile Include="src\fbo.cpp">
      <Filter>src</Filter>
    </ClCompile>
    <ClCompile Include="src\framework.cpp">
      <Filter>src</Filter>
    </ClCompile>
    <ClCompile Include="src\models.cpp">
      <Filter>src</Filter>
    </ClCompile>
    <ClCompile Include="src\scene.cpp">
      <Filter>src</Filter>
    </ClCompile>
    <ClCompile Include="src\shader.cpp">
      <Filter>src</Filter>
    </ClCompile>
    <ClCompile Include="src\timer.cpp">
      <Filter>utility</Filter>
    </ClCompile>
  </ItemGroup>
  <ItemGroup>
    <ClInclude Include="src\fbo.h">
      <Filter>src</Filter>
    </ClInclude>
    <ClInclude Include="src\models.h">
      <Filter>src</Filter>
    </ClInclude>
    <ClInclude Include="src\scene.h">
      <Filter>src</Filter>
    </ClInclude>
    <ClInclude Include="src\shader.h">
      <Filter>src</Filter>
    </ClInclude>
    <ClInclude Include="src\timer.h">
      <Filter>utility</Filter>
    </ClInclude>
    <ClInclude Include="src\globals.h">
      <Filter>globals</Filter>
    </ClInclude>
    <ClInclude Include="src\object.h">
      <Filter>src</Filter>
    </ClInclude>
    <ClInclude Include="src\light.h">
      <Filter>src</Filter>
    </ClInclude>
    <ClInclude Include="src\ambientLight.h">
      <Filter>src</Filter>
    </ClInclude>
    <ClInclude Include="src\collider.h">
      <Filter>src</Filter>
    </ClInclude>
    <ClInclude Include="src\ray.h">
      <Filter>src</Filter>
    </ClInclude>
    <ClInclude Include="src\boxCollider.h">
      <Filter>src</Filter>
    </ClInclude>
  </ItemGroup>
  <ItemGroup>
    <None Include="shaders\final.frag">
      <Filter>shaders</Filter>
    </None>
    <None Include="shaders\final.vert">
      <Filter>shaders</Filter>
    </None>
    <None Include="shaders\phong.frag">
      <Filter>shaders</Filter>
    </None>
    <None Include="shaders\phong.vert">
      <Filter>shaders</Filter>
    </None>
  </ItemGroup>
</Project>