<?xml version="1.0" encoding="utf-8"?>
<Project ToolsVersion="4.0" xmlns="http://schemas.microsoft.com/developer/msbuild/2003">
  <ItemGroup>
    <Filter Include="src">
      <UniqueIdentifier>{1157d38d-608b-4248-a49c-1a44c69e0067}</UniqueIdentifier>
    </Filter>
    <Filter Include="shaders">
      <UniqueIdentifier>{8624dd56-3489-4f82-a7c1-cc08f21fb626}</UniqueIdentifier>
    </Filter>
    <Filter Include="globals">
      <UniqueIdentifier>{d54c04bf-3217-4f8a-8c92-93eb61995ac4}</UniqueIdentifier>
    </Filter>
    <Filter Include="utility">
      <UniqueIdentifier>{c4c56dc4-5996-474a-bd59-c74c0d7246f5}</UniqueIdentifier>
    </Filter>
    <Filter Include="objects">
      <UniqueIdentifier>{97754f68-68c7-4484-82fb-bfa05f53563b}</UniqueIdentifier>
    </Filter>
    <Filter Include="colliders">
      <UniqueIdentifier>{5de87e55-4b25-4464-9f8b-686adf058b25}</UniqueIdentifier>
    </Filter>
    <Filter Include="lights">
      <UniqueIdentifier>{81a5c02d-972f-440a-aa64-40dda6767ed3}</UniqueIdentifier>
    </Filter>
    <Filter Include="camera">
      <UniqueIdentifier>{3b14b2ce-b9fe-48f3-8663-149f3c79c9c5}</UniqueIdentifier>
    </Filter>
    <Filter Include="manager">
      <UniqueIdentifier>{4c427efd-e34f-4f0a-98db-f813b5f13b8a}</UniqueIdentifier>
    </Filter>
  </ItemGroup>
  <ItemGroup>
    <ClCompile Include="src\fbo.cpp">
      <Filter>src</Filter>
    </ClCompile>
    <ClCompile Include="src\framework.cpp">
      <Filter>src</Filter>
    </ClCompile>
    <ClCompile Include="src\models.cpp">
      <Filter>src</Filter>
    </ClCompile>
    <ClCompile Include="src\scene.cpp">
      <Filter>src</Filter>
    </ClCompile>
    <ClCompile Include="src\shader.cpp">
      <Filter>src</Filter>
    </ClCompile>
    <ClCompile Include="src\timer.cpp">
      <Filter>utility</Filter>
    </ClCompile>
    <ClCompile Include="src\ambientLight.cpp">
      <Filter>lights</Filter>
    </ClCompile>
    <ClCompile Include="src\light.cpp">
      <Filter>lights</Filter>
    </ClCompile>
    <ClCompile Include="src\boxCollider.cpp">
      <Filter>colliders</Filter>
    </ClCompile>
    <ClCompile Include="src\object.cpp">
      <Filter>objects</Filter>
    </ClCompile>
    <ClCompile Include="src\camera.cpp">
      <Filter>camera</Filter>
    </ClCompile>
    <ClCompile Include="src\graphicsObject.cpp">
      <Filter>objects</Filter>
    </ClCompile>
    <ClCompile Include="src\directionalLight.cpp">
      <Filter>lights</Filter>
    </ClCompile>
    <ClCompile Include="src\pointLight.cpp">
      <Filter>lights</Filter>
    </ClCompile>
    <ClCompile Include="src\lightManager.cpp">
      <Filter>manager</Filter>
    </ClCompile>
    <ClCompile Include="src\graphicsObjectManager.cpp">
      <Filter>manager</Filter>
    </ClCompile>
  </ItemGroup>
  <ItemGroup>
    <ClInclude Include="src\fbo.h">
      <Filter>src</Filter>
    </ClInclude>
    <ClInclude Include="src\models.h">
      <Filter>src</Filter>
    </ClInclude>
    <ClInclude Include="src\scene.h">
      <Filter>src</Filter>
    </ClInclude>
    <ClInclude Include="src\shader.h">
      <Filter>src</Filter>
    </ClInclude>
    <ClInclude Include="src\timer.h">
      <Filter>utility</Filter>
    </ClInclude>
    <ClInclude Include="src\globals.h">
      <Filter>globals</Filter>
    </ClInclude>
    <ClInclude Include="src\ray.h">
      <Filter>src</Filter>
    </ClInclude>
    <ClInclude Include="src\singleton.h">
      <Filter>globals</Filter>
    </ClInclude>
    <ClInclude Include="src\ambientLight.h">
      <Filter>lights</Filter>
    </ClInclude>
    <ClInclude Include="src\light.h">
      <Filter>lights</Filter>
    </ClInclude>
    <ClInclude Include="src\boxCollider.h">
      <Filter>colliders</Filter>
    </ClInclude>
    <ClInclude Include="src\collider.h">
      <Filter>colliders</Filter>
    </ClInclude>
    <ClInclude Include="src\object.h">
      <Filter>objects</Filter>
    </ClInclude>
    <ClInclude Include="src\camera.h">
      <Filter>camera</Filter>
    </ClInclude>
    <ClInclude Include="src\graphicObject.h">
      <Filter>objects</Filter>
    </ClInclude>
    <ClInclude Include="src\directionalLight.h">
      <Filter>lights</Filter>
    </ClInclude>
    <ClInclude Include="src\pointLight.h">
      <Filter>lights</Filter>
    </ClInclude>
    <ClInclude Include="src\lightManager.h">
      <Filter>manager</Filter>
    </ClInclude>
    <ClInclude Include="src\graphicsObjectManager.h">
      <Filter>manager</Filter>
    </ClInclude>
  </ItemGroup>
  <ItemGroup>
    <None Include="shaders\final.frag">
      <Filter>shaders</Filter>
    </None>
    <None Include="shaders\final.vert">
      <Filter>shaders</Filter>
    </None>
    <None Include="shaders\phong_Color.frag">
      <Filter>shaders</Filter>
    </None>
    <None Include="shaders\phong_Color.vert">
      <Filter>shaders</Filter>
    </None>
    <None Include="shaders\phong_Texture.frag">
      <Filter>shaders</Filter>
    </None>
    <None Include="shaders\phong_Texture.vert">
      <Filter>shaders</Filter>
    </None>
    <None Include="shaders\drawLight.frag">
      <Filter>shaders</Filter>
    </None>
    <None Include="shaders\drawLight.vert">
      <Filter>shaders</Filter>
    </None>
    <None Include="shaders\skybox.frag">
      <Filter>shaders</Filter>
    </None>
    <None Include="shaders\skybox.vert">
      <Filter>shaders</Filter>
    </None>
    <None Include="shaders\shadowDepth.frag">
      <Filter>shaders</Filter>
    </None>
    <None Include="shaders\shadowDepth.vert">
      <Filter>shaders</Filter>
    </None>
    <None Include="shaders\drawQuad.frag">
      <Filter>shaders</Filter>
    </None>
    <None Include="shaders\drawQuad.vert">
      <Filter>shaders</Filter>
    </None>
    <None Include="shaders\deferred_gBuffer.frag">
      <Filter>shaders</Filter>
    </None>
    <None Include="shaders\deferred_gBuffer.vert">
      <Filter>shaders</Filter>
    </None>
    <None Include="shaders\phong_Texture_Specular.frag">
      <Filter>shaders</Filter>
    </None>
    <None Include="shaders\phong_Texture_Specular.vert">
      <Filter>shaders</Filter>
    </None>
    <None Include="shaders\deferred_lightPass.frag">
      <Filter>shaders</Filter>
    </None>
    <None Include="shaders\deferred_lightPass.vert">
      <Filter>shaders</Filter>
    </None>
  </ItemGroup>
</Project>